
Microsoft Visual Studio Solution File, Format Version 12.00
# Visual Studio Version 16
VisualStudioVersion = 16.0.29509.3
MinimumVisualStudioVersion = 10.0.40219.1
Project("{FAE04EC0-301F-11D3-BF4B-00C04F79EFBC}") = "ExamCreates", "ExamCreates\ExamCreates.csproj", "{A63627E4-F00F-48BF-A492-C8270972E121}"
EndProject
Global
	GlobalSection(SolutionConfigurationPlatforms) = preSolution
		Debug|Any CPU = Debug|Any CPU
		Release|Any CPU = Release|Any CPU
	EndGlobalSection
	GlobalSection(ProjectConfigurationPlatforms) = postSolution
		{A63627E4-F00F-48BF-A492-C8270972E121}.Debug|Any CPU.ActiveCfg = Debug|Any CPU
		{A63627E4-F00F-48BF-A492-C8270972E121}.Debug|Any CPU.Build.0 = Debug|Any CPU
		{A63627E4-F00F-48BF-A492-C8270972E121}.Release|Any CPU.ActiveCfg = Release|Any CPU
		{A63627E4-F00F-48BF-A492-C8270972E121}.Release|Any CPU.Build.0 = Release|Any CPU
	EndGlobalSection
	GlobalSection(SolutionProperties) = preSolution
		HideSolutionNode = FALSE
	EndGlobalSection
	GlobalSection(ExtensibilityGlobals) = postSolution
		SolutionGuid = {7DD46FFA-E650-4A24-8E59-1183B42DBE60}
	EndGlobalSection
EndGlobal
